
Microsoft Visual Studio Solution File, Format Version 12.00
# Visual Studio 2012
Project("{FAE04EC0-301F-11D3-BF4B-00C04F79EFBC}") = "Temp_with_Settings", "Temp_with_Settings\Temp_with_Settings.csproj", "{37AF08B9-EE4F-4890-8472-0AA4684E2F7D}"
EndProject
Global
	GlobalSection(SolutionConfigurationPlatforms) = preSolution
		Debug|iPhoneSimulator = Debug|iPhoneSimulator
		Release|iPhone = Release|iPhone
		Release|iPhoneSimulator = Release|iPhoneSimulator
		Debug|iPhone = Debug|iPhone
	EndGlobalSection
	GlobalSection(ProjectConfigurationPlatforms) = postSolution
		{37AF08B9-EE4F-4890-8472-0AA4684E2F7D}.Debug|iPhoneSimulator.ActiveCfg = Debug|iPhoneSimulator
		{37AF08B9-EE4F-4890-8472-0AA4684E2F7D}.Debug|iPhoneSimulator.Build.0 = Debug|iPhoneSimulator
		{37AF08B9-EE4F-4890-8472-0AA4684E2F7D}.Release|iPhone.ActiveCfg = Release|iPhone
		{37AF08B9-EE4F-4890-8472-0AA4684E2F7D}.Release|iPhone.Build.0 = Release|iPhone
		{37AF08B9-EE4F-4890-8472-0AA4684E2F7D}.Release|iPhoneSimulator.ActiveCfg = Release|iPhoneSimulator
		{37AF08B9-EE4F-4890-8472-0AA4684E2F7D}.Release|iPhoneSimulator.Build.0 = Release|iPhoneSimulator
		{37AF08B9-EE4F-4890-8472-0AA4684E2F7D}.Debug|iPhone.ActiveCfg = Debug|iPhone
		{37AF08B9-EE4F-4890-8472-0AA4684E2F7D}.Debug|iPhone.Build.0 = Debug|iPhone
	EndGlobalSection
EndGlobal
